
Microsoft Visual Studio Solution File, Format Version 12.00
# Visual Studio 15
Project("{FAE04EC0-301F-11D3-BF4B-00C04F79EFBC}") = "Assembly-CSharp", "Assembly-CSharp.csproj", "{022AABB9-8A4A-817F-7E18-B9ACE30D3046}"
EndProject
Global
	GlobalSection(SolutionConfigurationPlatforms) = preSolution
		Debug|Any CPU = Debug|Any CPU
		Release|Any CPU = Release|Any CPU
	EndGlobalSection
	GlobalSection(ProjectConfigurationPlatforms) = postSolution
		{022AABB9-8A4A-817F-7E18-B9ACE30D3046}.Debug|Any CPU.ActiveCfg = Debug|Any CPU
		{022AABB9-8A4A-817F-7E18-B9ACE30D3046}.Debug|Any CPU.Build.0 = Debug|Any CPU
		{022AABB9-8A4A-817F-7E18-B9ACE30D3046}.Release|Any CPU.ActiveCfg = Release|Any CPU
		{022AABB9-8A4A-817F-7E18-B9ACE30D3046}.Release|Any CPU.Build.0 = Release|Any CPU
	EndGlobalSection
	GlobalSection(SolutionProperties) = preSolution
		HideSolutionNode = FALSE
	EndGlobalSection
EndGlobal
